
Microsoft Visual Studio Solution File, Format Version 12.00
# Visual Studio 2012
Project("{FAE04EC0-301F-11D3-BF4B-00C04F79EFBC}") = "EndjinRetry", "Endjin.Retry\Endjin.Retry.csproj", "{89556AAA-6222-4A88-A04A-4FCE658874DF}"
EndProject
Project("{FAE04EC0-301F-11D3-BF4B-00C04F79EFBC}") = "EndjinRetrySamples", "Endjin.Retry.Samples\Endjin.Retry.Samples.csproj", "{E28D296D-D654-4C08-B44B-FC58CF8697D3}"
EndProject
Global
	GlobalSection(SolutionConfigurationPlatforms) = preSolution
		Debug|Any CPU = Debug|Any CPU
		Release|Any CPU = Release|Any CPU
	EndGlobalSection
	GlobalSection(ProjectConfigurationPlatforms) = postSolution
		{89556AAA-6222-4A88-A04A-4FCE658874DF}.Debug|Any CPU.ActiveCfg = Debug|Any CPU
		{89556AAA-6222-4A88-A04A-4FCE658874DF}.Debug|Any CPU.Build.0 = Debug|Any CPU
		{89556AAA-6222-4A88-A04A-4FCE658874DF}.Release|Any CPU.ActiveCfg = Release|Any CPU
		{89556AAA-6222-4A88-A04A-4FCE658874DF}.Release|Any CPU.Build.0 = Release|Any CPU
		{E28D296D-D654-4C08-B44B-FC58CF8697D3}.Debug|Any CPU.ActiveCfg = Debug|Any CPU
		{E28D296D-D654-4C08-B44B-FC58CF8697D3}.Debug|Any CPU.Build.0 = Debug|Any CPU
		{E28D296D-D654-4C08-B44B-FC58CF8697D3}.Release|Any CPU.ActiveCfg = Release|Any CPU
		{E28D296D-D654-4C08-B44B-FC58CF8697D3}.Release|Any CPU.Build.0 = Release|Any CPU
	EndGlobalSection
	GlobalSection(SolutionProperties) = preSolution
		HideSolutionNode = FALSE
	EndGlobalSection
EndGlobal
