
Microsoft Visual Studio Solution File, Format Version 12.00
# Visual Studio 15
VisualStudioVersion = 15.0.27110.0
MinimumVisualStudioVersion = 10.0.40219.1
Project("{FAE04EC0-301F-11D3-BF4B-00C04F79EFBC}") = "Endjin.Retry", "Endjin.Retry\Endjin.Retry.csproj", "{89556AAA-6222-4A88-A04A-4FCE658874DF}"
EndProject
Project("{FAE04EC0-301F-11D3-BF4B-00C04F79EFBC}") = "Endjin.Retry.Samples", "Endjin.Retry.Samples\Endjin.Retry.Samples.csproj", "{2C509E47-2FFA-4D1C-9AC1-AF3F9B75FA4A}"
EndProject
Global
	GlobalSection(SolutionConfigurationPlatforms) = preSolution
		Debug|Any CPU = Debug|Any CPU
		Release|Any CPU = Release|Any CPU
	EndGlobalSection
	GlobalSection(ProjectConfigurationPlatforms) = postSolution
		{89556AAA-6222-4A88-A04A-4FCE658874DF}.Debug|Any CPU.ActiveCfg = Debug|Any CPU
		{89556AAA-6222-4A88-A04A-4FCE658874DF}.Debug|Any CPU.Build.0 = Debug|Any CPU
		{89556AAA-6222-4A88-A04A-4FCE658874DF}.Release|Any CPU.ActiveCfg = Release|Any CPU
		{89556AAA-6222-4A88-A04A-4FCE658874DF}.Release|Any CPU.Build.0 = Release|Any CPU
		{2C509E47-2FFA-4D1C-9AC1-AF3F9B75FA4A}.Debug|Any CPU.ActiveCfg = Debug|Any CPU
		{2C509E47-2FFA-4D1C-9AC1-AF3F9B75FA4A}.Debug|Any CPU.Build.0 = Debug|Any CPU
		{2C509E47-2FFA-4D1C-9AC1-AF3F9B75FA4A}.Release|Any CPU.ActiveCfg = Release|Any CPU
		{2C509E47-2FFA-4D1C-9AC1-AF3F9B75FA4A}.Release|Any CPU.Build.0 = Release|Any CPU
	EndGlobalSection
	GlobalSection(SolutionProperties) = preSolution
		HideSolutionNode = FALSE
	EndGlobalSection
	GlobalSection(ExtensibilityGlobals) = postSolution
		SolutionGuid = {D461B12C-9105-4F4B-B54E-16C9469309CB}
	EndGlobalSection
EndGlobal
